
Microsoft Visual Studio Solution File, Format Version 12.00
# Visual Studio Version 17
VisualStudioVersion = 17.10.35013.160
MinimumVisualStudioVersion = 10.0.40219.1
Project("{FAE04EC0-301F-11D3-BF4B-00C04F79EFBC}") = "LoginPageApi", "LoginPageApi\LoginPageApi.csproj", "{F59CD84C-02F1-49C6-A8B1-B6A3C766AABD}"
EndProject
Global
	GlobalSection(SolutionConfigurationPlatforms) = preSolution
		Debug|Any CPU = Debug|Any CPU
		Release|Any CPU = Release|Any CPU
	EndGlobalSection
	GlobalSection(ProjectConfigurationPlatforms) = postSolution
		{F59CD84C-02F1-49C6-A8B1-B6A3C766AABD}.Debug|Any CPU.ActiveCfg = Debug|Any CPU
		{F59CD84C-02F1-49C6-A8B1-B6A3C766AABD}.Debug|Any CPU.Build.0 = Debug|Any CPU
		{F59CD84C-02F1-49C6-A8B1-B6A3C766AABD}.Release|Any CPU.ActiveCfg = Release|Any CPU
		{F59CD84C-02F1-49C6-A8B1-B6A3C766AABD}.Release|Any CPU.Build.0 = Release|Any CPU
	EndGlobalSection
	GlobalSection(SolutionProperties) = preSolution
		HideSolutionNode = FALSE
	EndGlobalSection
	GlobalSection(ExtensibilityGlobals) = postSolution
		SolutionGuid = {A509BD80-6CEE-4EC7-B1B9-969283727A04}
	EndGlobalSection
EndGlobal
